
Microsoft Visual Studio Solution File, Format Version 12.00
# Visual Studio Version 16
VisualStudioVersion = 25.0.1706.13
MinimumVisualStudioVersion = 10.0.40219.1
Project("{FAE04EC0-301F-11D3-BF4B-00C04F79EFBC}") = "TestXam", "TestXam.csproj", "{20F4DEE9-4F5E-4F58-8525-F66E73D4F0CE}"
EndProject
Global
	GlobalSection(SolutionConfigurationPlatforms) = preSolution
		Debug|Any CPU = Debug|Any CPU
		Release|Any CPU = Release|Any CPU
	EndGlobalSection
	GlobalSection(ProjectConfigurationPlatforms) = postSolution
		{20F4DEE9-4F5E-4F58-8525-F66E73D4F0CE}.Debug|Any CPU.ActiveCfg = Debug|Any CPU
		{20F4DEE9-4F5E-4F58-8525-F66E73D4F0CE}.Debug|Any CPU.Build.0 = Debug|Any CPU
		{20F4DEE9-4F5E-4F58-8525-F66E73D4F0CE}.Release|Any CPU.ActiveCfg = Release|Any CPU
		{20F4DEE9-4F5E-4F58-8525-F66E73D4F0CE}.Release|Any CPU.Build.0 = Release|Any CPU
	EndGlobalSection
	GlobalSection(SolutionProperties) = preSolution
		HideSolutionNode = FALSE
	EndGlobalSection
	GlobalSection(ExtensibilityGlobals) = postSolution
		SolutionGuid = {9CC41F13-BC11-471D-870F-540F8A7B37E1}
	EndGlobalSection
EndGlobal
